
Microsoft Visual Studio Solution File, Format Version 12.00
# Visual Studio Version 17
VisualStudioVersion = 17.4.32804.182
MinimumVisualStudioVersion = 10.0.40219.1
Project("{FAE04EC0-301F-11D3-BF4B-00C04F79EFBC}") = "VisualAcademy", "VisualAcademy\VisualAcademy.csproj", "{79ED9881-A771-4A26-8DF9-EEB355AE8235}"
EndProject
Global
	GlobalSection(SolutionConfigurationPlatforms) = preSolution
		Debug|Any CPU = Debug|Any CPU
		Release|Any CPU = Release|Any CPU
	EndGlobalSection
	GlobalSection(ProjectConfigurationPlatforms) = postSolution
		{79ED9881-A771-4A26-8DF9-EEB355AE8235}.Debug|Any CPU.ActiveCfg = Debug|Any CPU
		{79ED9881-A771-4A26-8DF9-EEB355AE8235}.Debug|Any CPU.Build.0 = Debug|Any CPU
		{79ED9881-A771-4A26-8DF9-EEB355AE8235}.Release|Any CPU.ActiveCfg = Release|Any CPU
		{79ED9881-A771-4A26-8DF9-EEB355AE8235}.Release|Any CPU.Build.0 = Release|Any CPU
	EndGlobalSection
	GlobalSection(SolutionProperties) = preSolution
		HideSolutionNode = FALSE
	EndGlobalSection
	GlobalSection(ExtensibilityGlobals) = postSolution
		SolutionGuid = {D229140C-4E19-4F44-9E03-38D694B72E8B}
	EndGlobalSection
EndGlobal
